// !$*UTF8*$!
{
	archiveVersion = 1;
	classes = {
	};
	objectVersion = 46;
	objects = {

/* Begin PBXBuildFile section */
		201C4C4A1DFEEF51007FD18A /* coupler.cpp in Sources */ = {isa = PBXBuildFile; fileRef = 201C4C101DFEEF51007FD18A /* coupler.cpp */; };
		201C4C4B1DFEEF51007FD18A /* data_bank.cpp in Sources */ = {isa = PBXBuildFile; fileRef = 201C4C131DFEEF51007FD18A /* data_bank.cpp */; };
		201C4C4C1DFEEF51007FD18A /* data_query.cpp in Sources */ = {isa = PBXBuildFile; fileRef = 201C4C151DFEEF51007FD18A /* data_query.cpp */; };
		201C4C4D1DFEEF51007FD18A /* EventBase.cpp in Sources */ = {isa = PBXBuildFile; fileRef = 201C4C1B1DFEEF51007FD18A /* EventBase.cpp */; };
		201C4C4E1DFEEF51007FD18A /* log.cpp in Sources */ = {isa = PBXBuildFile; fileRef = 201C4C201DFEEF51007FD18A /* log.cpp */; };
		201C4C4F1DFEEF51007FD18A /* md5.cpp in Sources */ = {isa = PBXBuildFile; fileRef = 201C4C231DFEEF51007FD18A /* md5.cpp */; };
		201C4C501DFEEF51007FD18A /* NetNode.cpp in Sources */ = {isa = PBXBuildFile; fileRef = 201C4C261DFEEF51007FD18A /* NetNode.cpp */; };
		201C4C511DFEEF51007FD18A /* NetServer.cpp in Sources */ = {isa = PBXBuildFile; fileRef = 201C4C281DFEEF51007FD18A /* NetServer.cpp */; };
		201C4C521DFEEF51007FD18A /* NetSocket.cpp in Sources */ = {isa = PBXBuildFile; fileRef = 201C4C2A1DFEEF51007FD18A /* NetSocket.cpp */; };
		201C4C531DFEEF51007FD18A /* network.cpp in Sources */ = {isa = PBXBuildFile; fileRef = 201C4C2C1DFEEF51007FD18A /* network.cpp */; };
		201C4C541DFEEF51007FD18A /* SocketEvent.cpp in Sources */ = {isa = PBXBuildFile; fileRef = 201C4C2E1DFEEF51007FD18A /* SocketEvent.cpp */; };
		201C4C551DFEEF51007FD18A /* runtime.cpp in Sources */ = {isa = PBXBuildFile; fileRef = 201C4C301DFEEF51007FD18A /* runtime.cpp */; };
		201C4C561DFEEF51007FD18A /* lock.cpp in Sources */ = {isa = PBXBuildFile; fileRef = 201C4C331DFEEF51007FD18A /* lock.cpp */; };
		201C4C571DFEEF51007FD18A /* thread.cpp in Sources */ = {isa = PBXBuildFile; fileRef = 201C4C351DFEEF51007FD18A /* thread.cpp */; };
		201C4C581DFEEF51007FD18A /* KeepManager.cpp in Sources */ = {isa = PBXBuildFile; fileRef = 201C4C381DFEEF51007FD18A /* KeepManager.cpp */; };
		201C4C591DFEEF51007FD18A /* ticker.cpp in Sources */ = {isa = PBXBuildFile; fileRef = 201C4C3A1DFEEF51007FD18A /* ticker.cpp */; };
		201C4C5A1DFEEF51007FD18A /* TimeObserver.cpp in Sources */ = {isa = PBXBuildFile; fileRef = 201C4C3C1DFEEF51007FD18A /* TimeObserver.cpp */; };
		201C4C5B1DFEEF51007FD18A /* math_util.cpp in Sources */ = {isa = PBXBuildFile; fileRef = 201C4C421DFEEF51007FD18A /* math_util.cpp */; };
		201C4C5C1DFEEF51007FD18A /* memorys.cpp in Sources */ = {isa = PBXBuildFile; fileRef = 201C4C441DFEEF51007FD18A /* memorys.cpp */; };
		201C4C5D1DFEEF51007FD18A /* string_util.cpp in Sources */ = {isa = PBXBuildFile; fileRef = 201C4C461DFEEF51007FD18A /* string_util.cpp */; };
		201C4C5E1DFEEF51007FD18A /* time_util.cpp in Sources */ = {isa = PBXBuildFile; fileRef = 201C4C481DFEEF51007FD18A /* time_util.cpp */; };
		202052EE1DFE44E500CBB029 /* GameUser.cpp in Sources */ = {isa = PBXBuildFile; fileRef = 202052EC1DFE44E500CBB029 /* GameUser.cpp */; };
		202052F11DFE462500CBB029 /* SerHandler.cpp in Sources */ = {isa = PBXBuildFile; fileRef = 202052EF1DFE462500CBB029 /* SerHandler.cpp */; };
		204312E71DDE067300A18C0A /* GamePuzzle.cpp in Sources */ = {isa = PBXBuildFile; fileRef = 204312E51DDE067300A18C0A /* GamePuzzle.cpp */; };
		2070BB351DDAF57F0017D59C /* DBServer.cpp in Sources */ = {isa = PBXBuildFile; fileRef = 2070BB331DDAF57F0017D59C /* DBServer.cpp */; };
		2070BB381DDAFE5F0017D59C /* PlayerManager.cpp in Sources */ = {isa = PBXBuildFile; fileRef = 2070BB361DDAFE5F0017D59C /* PlayerManager.cpp */; };
		2070BB3E1DDB13DD0017D59C /* Player.cpp in Sources */ = {isa = PBXBuildFile; fileRef = 2070BB3C1DDB13DD0017D59C /* Player.cpp */; };
		2078BD721DF99AD800F8825B /* UserObj.cpp in Sources */ = {isa = PBXBuildFile; fileRef = 2078BD701DF99AD800F8825B /* UserObj.cpp */; };
		208D8D701DD30008000D45C6 /* main.cpp in Sources */ = {isa = PBXBuildFile; fileRef = 208D8D6F1DD30008000D45C6 /* main.cpp */; };
		20AB02381DDD846900102A07 /* GameSeat.cpp in Sources */ = {isa = PBXBuildFile; fileRef = 20AB02361DDD846900102A07 /* GameSeat.cpp */; };
		20B3156D1DD953EF0087924A /* WorldMsg.cpp in Sources */ = {isa = PBXBuildFile; fileRef = 20B3156B1DD953EF0087924A /* WorldMsg.cpp */; };
		20B315971DD996B30087924A /* GameLogic.cpp in Sources */ = {isa = PBXBuildFile; fileRef = 20B315921DD996B30087924A /* GameLogic.cpp */; };
		20B315981DD996B30087924A /* GameManager.cpp in Sources */ = {isa = PBXBuildFile; fileRef = 20B315941DD996B30087924A /* GameManager.cpp */; };
		20B3159B1DD9B51A0087924A /* GamePlayer.cpp in Sources */ = {isa = PBXBuildFile; fileRef = 20B315991DD9B51A0087924A /* GamePlayer.cpp */; };
/* End PBXBuildFile section */

/* Begin PBXCopyFilesBuildPhase section */
		208D8D6A1DD30008000D45C6 /* CopyFiles */ = {
			isa = PBXCopyFilesBuildPhase;
			buildActionMask = 2147483647;
			dstPath = /usr/share/man/man1/;
			dstSubfolderSpec = 0;
			files = (
			);
			runOnlyForDeploymentPostprocessing = 1;
		};
/* End PBXCopyFilesBuildPhase section */

/* Begin PBXFileReference section */
		201C4C0A1DFEEF51007FD18A /* buffer_base.h */ = {isa = PBXFileReference; fileEncoding = 4; lastKnownFileType = sourcecode.c.h; path = buffer_base.h; sourceTree = "<group>"; };
		201C4C0B1DFEEF51007FD18A /* packet_buffer.h */ = {isa = PBXFileReference; fileEncoding = 4; lastKnownFileType = sourcecode.c.h; path = packet_buffer.h; sourceTree = "<group>"; };
		201C4C0C1DFEEF51007FD18A /* packet_header.h */ = {isa = PBXFileReference; fileEncoding = 4; lastKnownFileType = sourcecode.c.h; path = packet_header.h; sourceTree = "<group>"; };
		201C4C0D1DFEEF51007FD18A /* read_bytes.h */ = {isa = PBXFileReference; fileEncoding = 4; lastKnownFileType = sourcecode.c.h; path = read_bytes.h; sourceTree = "<group>"; };
		201C4C0E1DFEEF51007FD18A /* write_bytes.h */ = {isa = PBXFileReference; fileEncoding = 4; lastKnownFileType = sourcecode.c.h; path = write_bytes.h; sourceTree = "<group>"; };
		201C4C101DFEEF51007FD18A /* coupler.cpp */ = {isa = PBXFileReference; fileEncoding = 4; lastKnownFileType = sourcecode.cpp.cpp; path = coupler.cpp; sourceTree = "<group>"; };
		201C4C111DFEEF51007FD18A /* coupler.h */ = {isa = PBXFileReference; fileEncoding = 4; lastKnownFileType = sourcecode.c.h; path = coupler.h; sourceTree = "<group>"; };
		201C4C121DFEEF51007FD18A /* data_array.h */ = {isa = PBXFileReference; fileEncoding = 4; lastKnownFileType = sourcecode.c.h; path = data_array.h; sourceTree = "<group>"; };
		201C4C131DFEEF51007FD18A /* data_bank.cpp */ = {isa = PBXFileReference; fileEncoding = 4; lastKnownFileType = sourcecode.cpp.cpp; path = data_bank.cpp; sourceTree = "<group>"; };
		201C4C141DFEEF51007FD18A /* data_bank.h */ = {isa = PBXFileReference; fileEncoding = 4; lastKnownFileType = sourcecode.c.h; path = data_bank.h; sourceTree = "<group>"; };
		201C4C151DFEEF51007FD18A /* data_query.cpp */ = {isa = PBXFileReference; fileEncoding = 4; lastKnownFileType = sourcecode.cpp.cpp; path = data_query.cpp; sourceTree = "<group>"; };
		201C4C161DFEEF51007FD18A /* data_query.h */ = {isa = PBXFileReference; fileEncoding = 4; lastKnownFileType = sourcecode.c.h; path = data_query.h; sourceTree = "<group>"; };
		201C4C181DFEEF51007FD18A /* command.h */ = {isa = PBXFileReference; fileEncoding = 4; lastKnownFileType = sourcecode.c.h; path = command.h; sourceTree = "<group>"; };
		201C4C191DFEEF51007FD18A /* comqueue.h */ = {isa = PBXFileReference; fileEncoding = 4; lastKnownFileType = sourcecode.c.h; path = comqueue.h; sourceTree = "<group>"; };
		201C4C1A1DFEEF51007FD18A /* event.h */ = {isa = PBXFileReference; fileEncoding = 4; lastKnownFileType = sourcecode.c.h; path = event.h; sourceTree = "<group>"; };
		201C4C1B1DFEEF51007FD18A /* EventBase.cpp */ = {isa = PBXFileReference; fileEncoding = 4; lastKnownFileType = sourcecode.cpp.cpp; path = EventBase.cpp; sourceTree = "<group>"; };
		201C4C1C1DFEEF51007FD18A /* EventBase.h */ = {isa = PBXFileReference; fileEncoding = 4; lastKnownFileType = sourcecode.c.h; path = EventBase.h; sourceTree = "<group>"; };
		201C4C1D1DFEEF51007FD18A /* global.h */ = {isa = PBXFileReference; fileEncoding = 4; lastKnownFileType = sourcecode.c.h; path = global.h; sourceTree = "<group>"; };
		201C4C1E1DFEEF51007FD18A /* input.h */ = {isa = PBXFileReference; fileEncoding = 4; lastKnownFileType = sourcecode.c.h; path = input.h; sourceTree = "<group>"; };
		201C4C201DFEEF51007FD18A /* log.cpp */ = {isa = PBXFileReference; fileEncoding = 4; lastKnownFileType = sourcecode.cpp.cpp; path = log.cpp; sourceTree = "<group>"; };
		201C4C211DFEEF51007FD18A /* log.h */ = {isa = PBXFileReference; fileEncoding = 4; lastKnownFileType = sourcecode.c.h; path = log.h; sourceTree = "<group>"; };
		201C4C231DFEEF51007FD18A /* md5.cpp */ = {isa = PBXFileReference; fileEncoding = 4; lastKnownFileType = sourcecode.cpp.cpp; path = md5.cpp; sourceTree = "<group>"; };
		201C4C241DFEEF51007FD18A /* md5.h */ = {isa = PBXFileReference; fileEncoding = 4; lastKnownFileType = sourcecode.c.h; path = md5.h; sourceTree = "<group>"; };
		201C4C261DFEEF51007FD18A /* NetNode.cpp */ = {isa = PBXFileReference; fileEncoding = 4; lastKnownFileType = sourcecode.cpp.cpp; path = NetNode.cpp; sourceTree = "<group>"; };
		201C4C271DFEEF51007FD18A /* NetNode.h */ = {isa = PBXFileReference; fileEncoding = 4; lastKnownFileType = sourcecode.c.h; path = NetNode.h; sourceTree = "<group>"; };
		201C4C281DFEEF51007FD18A /* NetServer.cpp */ = {isa = PBXFileReference; fileEncoding = 4; lastKnownFileType = sourcecode.cpp.cpp; path = NetServer.cpp; sourceTree = "<group>"; };
		201C4C291DFEEF51007FD18A /* NetServer.h */ = {isa = PBXFileReference; fileEncoding = 4; lastKnownFileType = sourcecode.c.h; path = NetServer.h; sourceTree = "<group>"; };
		201C4C2A1DFEEF51007FD18A /* NetSocket.cpp */ = {isa = PBXFileReference; fileEncoding = 4; lastKnownFileType = sourcecode.cpp.cpp; path = NetSocket.cpp; sourceTree = "<group>"; };
		201C4C2B1DFEEF51007FD18A /* NetSocket.h */ = {isa = PBXFileReference; fileEncoding = 4; lastKnownFileType = sourcecode.c.h; path = NetSocket.h; sourceTree = "<group>"; };
		201C4C2C1DFEEF51007FD18A /* network.cpp */ = {isa = PBXFileReference; fileEncoding = 4; lastKnownFileType = sourcecode.cpp.cpp; path = network.cpp; sourceTree = "<group>"; };
		201C4C2D1DFEEF51007FD18A /* network.h */ = {isa = PBXFileReference; fileEncoding = 4; lastKnownFileType = sourcecode.c.h; path = network.h; sourceTree = "<group>"; };
		201C4C2E1DFEEF51007FD18A /* SocketEvent.cpp */ = {isa = PBXFileReference; fileEncoding = 4; lastKnownFileType = sourcecode.cpp.cpp; path = SocketEvent.cpp; sourceTree = "<group>"; };
		201C4C2F1DFEEF51007FD18A /* SocketEvent.h */ = {isa = PBXFileReference; fileEncoding = 4; lastKnownFileType = sourcecode.c.h; path = SocketEvent.h; sourceTree = "<group>"; };
		201C4C301DFEEF51007FD18A /* runtime.cpp */ = {isa = PBXFileReference; fileEncoding = 4; lastKnownFileType = sourcecode.cpp.cpp; path = runtime.cpp; sourceTree = "<group>"; };
		201C4C311DFEEF51007FD18A /* runtime.h */ = {isa = PBXFileReference; fileEncoding = 4; lastKnownFileType = sourcecode.c.h; path = runtime.h; sourceTree = "<group>"; };
		201C4C331DFEEF51007FD18A /* lock.cpp */ = {isa = PBXFileReference; fileEncoding = 4; lastKnownFileType = sourcecode.cpp.cpp; path = lock.cpp; sourceTree = "<group>"; };
		201C4C341DFEEF51007FD18A /* lock.h */ = {isa = PBXFileReference; fileEncoding = 4; lastKnownFileType = sourcecode.c.h; path = lock.h; sourceTree = "<group>"; };
		201C4C351DFEEF51007FD18A /* thread.cpp */ = {isa = PBXFileReference; fileEncoding = 4; lastKnownFileType = sourcecode.cpp.cpp; path = thread.cpp; sourceTree = "<group>"; };
		201C4C361DFEEF51007FD18A /* thread.h */ = {isa = PBXFileReference; fileEncoding = 4; lastKnownFileType = sourcecode.c.h; path = thread.h; sourceTree = "<group>"; };
		201C4C381DFEEF51007FD18A /* KeepManager.cpp */ = {isa = PBXFileReference; fileEncoding = 4; lastKnownFileType = sourcecode.cpp.cpp; path = KeepManager.cpp; sourceTree = "<group>"; };
		201C4C391DFEEF51007FD18A /* KeepManager.h */ = {isa = PBXFileReference; fileEncoding = 4; lastKnownFileType = sourcecode.c.h; path = KeepManager.h; sourceTree = "<group>"; };
		201C4C3A1DFEEF51007FD18A /* ticker.cpp */ = {isa = PBXFileReference; fileEncoding = 4; lastKnownFileType = sourcecode.cpp.cpp; path = ticker.cpp; sourceTree = "<group>"; };
		201C4C3B1DFEEF51007FD18A /* ticker.h */ = {isa = PBXFileReference; fileEncoding = 4; lastKnownFileType = sourcecode.c.h; path = ticker.h; sourceTree = "<group>"; };
		201C4C3C1DFEEF51007FD18A /* TimeObserver.cpp */ = {isa = PBXFileReference; fileEncoding = 4; lastKnownFileType = sourcecode.cpp.cpp; path = TimeObserver.cpp; sourceTree = "<group>"; };
		201C4C3D1DFEEF51007FD18A /* TimeObserver.h */ = {isa = PBXFileReference; fileEncoding = 4; lastKnownFileType = sourcecode.c.h; path = TimeObserver.h; sourceTree = "<group>"; };
		201C4C3F1DFEEF51007FD18A /* array.h */ = {isa = PBXFileReference; fileEncoding = 4; lastKnownFileType = sourcecode.c.h; path = array.h; sourceTree = "<group>"; };
		201C4C401DFEEF51007FD18A /* hashlist.h */ = {isa = PBXFileReference; fileEncoding = 4; lastKnownFileType = sourcecode.c.h; path = hashlist.h; sourceTree = "<group>"; };
		201C4C411DFEEF51007FD18A /* hashmap.h */ = {isa = PBXFileReference; fileEncoding = 4; lastKnownFileType = sourcecode.c.h; path = hashmap.h; sourceTree = "<group>"; };
		201C4C421DFEEF51007FD18A /* math_util.cpp */ = {isa = PBXFileReference; fileEncoding = 4; lastKnownFileType = sourcecode.cpp.cpp; path = math_util.cpp; sourceTree = "<group>"; };
		201C4C431DFEEF51007FD18A /* math_util.h */ = {isa = PBXFileReference; fileEncoding = 4; lastKnownFileType = sourcecode.c.h; path = math_util.h; sourceTree = "<group>"; };
		201C4C441DFEEF51007FD18A /* memorys.cpp */ = {isa = PBXFileReference; fileEncoding = 4; lastKnownFileType = sourcecode.cpp.cpp; path = memorys.cpp; sourceTree = "<group>"; };
		201C4C451DFEEF51007FD18A /* memorys.h */ = {isa = PBXFileReference; fileEncoding = 4; lastKnownFileType = sourcecode.c.h; path = memorys.h; sourceTree = "<group>"; };
		201C4C461DFEEF51007FD18A /* string_util.cpp */ = {isa = PBXFileReference; fileEncoding = 4; lastKnownFileType = sourcecode.cpp.cpp; path = string_util.cpp; sourceTree = "<group>"; };
		201C4C471DFEEF51007FD18A /* string_util.h */ = {isa = PBXFileReference; fileEncoding = 4; lastKnownFileType = sourcecode.c.h; path = string_util.h; sourceTree = "<group>"; };
		201C4C481DFEEF51007FD18A /* time_util.cpp */ = {isa = PBXFileReference; fileEncoding = 4; lastKnownFileType = sourcecode.cpp.cpp; path = time_util.cpp; sourceTree = "<group>"; };
		201C4C491DFEEF51007FD18A /* time_util.h */ = {isa = PBXFileReference; fileEncoding = 4; lastKnownFileType = sourcecode.c.h; path = time_util.h; sourceTree = "<group>"; };
		202052EC1DFE44E500CBB029 /* GameUser.cpp */ = {isa = PBXFileReference; fileEncoding = 4; lastKnownFileType = sourcecode.cpp.cpp; path = GameUser.cpp; sourceTree = "<group>"; };
		202052ED1DFE44E500CBB029 /* GameUser.h */ = {isa = PBXFileReference; fileEncoding = 4; lastKnownFileType = sourcecode.c.h; path = GameUser.h; sourceTree = "<group>"; };
		202052EF1DFE462500CBB029 /* SerHandler.cpp */ = {isa = PBXFileReference; fileEncoding = 4; lastKnownFileType = sourcecode.cpp.cpp; path = SerHandler.cpp; sourceTree = "<group>"; };
		202052F01DFE462500CBB029 /* SerHandler.h */ = {isa = PBXFileReference; fileEncoding = 4; lastKnownFileType = sourcecode.c.h; path = SerHandler.h; sourceTree = "<group>"; };
		204312E51DDE067300A18C0A /* GamePuzzle.cpp */ = {isa = PBXFileReference; fileEncoding = 4; lastKnownFileType = sourcecode.cpp.cpp; path = GamePuzzle.cpp; sourceTree = "<group>"; };
		204312E61DDE067300A18C0A /* GamePuzzle.h */ = {isa = PBXFileReference; fileEncoding = 4; lastKnownFileType = sourcecode.c.h; path = GamePuzzle.h; sourceTree = "<group>"; };
		2070BB331DDAF57F0017D59C /* DBServer.cpp */ = {isa = PBXFileReference; fileEncoding = 4; lastKnownFileType = sourcecode.cpp.cpp; path = DBServer.cpp; sourceTree = "<group>"; };
		2070BB341DDAF57F0017D59C /* DBServer.h */ = {isa = PBXFileReference; fileEncoding = 4; lastKnownFileType = sourcecode.c.h; path = DBServer.h; sourceTree = "<group>"; };
		2070BB361DDAFE5F0017D59C /* PlayerManager.cpp */ = {isa = PBXFileReference; fileEncoding = 4; lastKnownFileType = sourcecode.cpp.cpp; path = PlayerManager.cpp; sourceTree = "<group>"; };
		2070BB371DDAFE5F0017D59C /* PlayerManager.h */ = {isa = PBXFileReference; fileEncoding = 4; lastKnownFileType = sourcecode.c.h; path = PlayerManager.h; sourceTree = "<group>"; };
		2070BB3C1DDB13DD0017D59C /* Player.cpp */ = {isa = PBXFileReference; fileEncoding = 4; lastKnownFileType = sourcecode.cpp.cpp; path = Player.cpp; sourceTree = "<group>"; };
		2070BB3D1DDB13DD0017D59C /* Player.h */ = {isa = PBXFileReference; fileEncoding = 4; lastKnownFileType = sourcecode.c.h; path = Player.h; sourceTree = "<group>"; };
		2078BD701DF99AD800F8825B /* UserObj.cpp */ = {isa = PBXFileReference; fileEncoding = 4; lastKnownFileType = sourcecode.cpp.cpp; path = UserObj.cpp; sourceTree = "<group>"; };
		2078BD711DF99AD800F8825B /* UserObj.h */ = {isa = PBXFileReference; fileEncoding = 4; lastKnownFileType = sourcecode.c.h; path = UserObj.h; sourceTree = "<group>"; };
		208D8D6C1DD30008000D45C6 /* ubserver */ = {isa = PBXFileReference; explicitFileType = "compiled.mach-o.executable"; includeInIndex = 0; path = ubserver; sourceTree = BUILT_PRODUCTS_DIR; };
		208D8D6F1DD30008000D45C6 /* main.cpp */ = {isa = PBXFileReference; lastKnownFileType = sourcecode.cpp.cpp; path = main.cpp; sourceTree = "<group>"; };
		20AB02361DDD846900102A07 /* GameSeat.cpp */ = {isa = PBXFileReference; fileEncoding = 4; lastKnownFileType = sourcecode.cpp.cpp; path = GameSeat.cpp; sourceTree = "<group>"; };
		20AB02371DDD846900102A07 /* GameSeat.h */ = {isa = PBXFileReference; fileEncoding = 4; lastKnownFileType = sourcecode.c.h; path = GameSeat.h; sourceTree = "<group>"; };
		20B3156B1DD953EF0087924A /* WorldMsg.cpp */ = {isa = PBXFileReference; fileEncoding = 4; lastKnownFileType = sourcecode.cpp.cpp; path = WorldMsg.cpp; sourceTree = "<group>"; };
		20B3156C1DD953EF0087924A /* WorldMsg.h */ = {isa = PBXFileReference; fileEncoding = 4; lastKnownFileType = sourcecode.c.h; path = WorldMsg.h; sourceTree = "<group>"; };
		20B3157D1DD95CC10087924A /* CmdDefined.h */ = {isa = PBXFileReference; fileEncoding = 4; lastKnownFileType = sourcecode.c.h; path = CmdDefined.h; sourceTree = "<group>"; };
		20B315921DD996B30087924A /* GameLogic.cpp */ = {isa = PBXFileReference; fileEncoding = 4; lastKnownFileType = sourcecode.cpp.cpp; path = GameLogic.cpp; sourceTree = "<group>"; };
		20B315931DD996B30087924A /* GameLogic.h */ = {isa = PBXFileReference; fileEncoding = 4; lastKnownFileType = sourcecode.c.h; path = GameLogic.h; sourceTree = "<group>"; };
		20B315941DD996B30087924A /* GameManager.cpp */ = {isa = PBXFileReference; fileEncoding = 4; lastKnownFileType = sourcecode.cpp.cpp; path = GameManager.cpp; sourceTree = "<group>"; };
		20B315951DD996B30087924A /* GameManager.h */ = {isa = PBXFileReference; fileEncoding = 4; lastKnownFileType = sourcecode.c.h; path = GameManager.h; sourceTree = "<group>"; };
		20B315991DD9B51A0087924A /* GamePlayer.cpp */ = {isa = PBXFileReference; fileEncoding = 4; lastKnownFileType = sourcecode.cpp.cpp; path = GamePlayer.cpp; sourceTree = "<group>"; };
		20B3159A1DD9B51A0087924A /* GamePlayer.h */ = {isa = PBXFileReference; fileEncoding = 4; lastKnownFileType = sourcecode.c.h; path = GamePlayer.h; sourceTree = "<group>"; };
/* End PBXFileReference section */

/* Begin PBXFrameworksBuildPhase section */
		208D8D691DD30008000D45C6 /* Frameworks */ = {
			isa = PBXFrameworksBuildPhase;
			buildActionMask = 2147483647;
			files = (
			);
			runOnlyForDeploymentPostprocessing = 0;
		};
/* End PBXFrameworksBuildPhase section */

/* Begin PBXGroup section */
		201C4C081DFEEF51007FD18A /* com */ = {
			isa = PBXGroup;
			children = (
				201C4C091DFEEF51007FD18A /* bit */,
				201C4C0F1DFEEF51007FD18A /* db */,
				201C4C171DFEEF51007FD18A /* event */,
				201C4C1D1DFEEF51007FD18A /* global.h */,
				201C4C1E1DFEEF51007FD18A /* input.h */,
				201C4C1F1DFEEF51007FD18A /* log */,
				201C4C221DFEEF51007FD18A /* md5 */,
				201C4C251DFEEF51007FD18A /* net */,
				201C4C301DFEEF51007FD18A /* runtime.cpp */,
				201C4C311DFEEF51007FD18A /* runtime.h */,
				201C4C321DFEEF51007FD18A /* thread */,
				201C4C371DFEEF51007FD18A /* timer */,
				201C4C3E1DFEEF51007FD18A /* util */,
			);
			path = com;
			sourceTree = "<group>";
		};
		201C4C091DFEEF51007FD18A /* bit */ = {
			isa = PBXGroup;
			children = (
				201C4C0A1DFEEF51007FD18A /* buffer_base.h */,
				201C4C0B1DFEEF51007FD18A /* packet_buffer.h */,
				201C4C0C1DFEEF51007FD18A /* packet_header.h */,
				201C4C0D1DFEEF51007FD18A /* read_bytes.h */,
				201C4C0E1DFEEF51007FD18A /* write_bytes.h */,
			);
			path = bit;
			sourceTree = "<group>";
		};
		201C4C0F1DFEEF51007FD18A /* db */ = {
			isa = PBXGroup;
			children = (
				201C4C101DFEEF51007FD18A /* coupler.cpp */,
				201C4C111DFEEF51007FD18A /* coupler.h */,
				201C4C121DFEEF51007FD18A /* data_array.h */,
				201C4C131DFEEF51007FD18A /* data_bank.cpp */,
				201C4C141DFEEF51007FD18A /* data_bank.h */,
				201C4C151DFEEF51007FD18A /* data_query.cpp */,
				201C4C161DFEEF51007FD18A /* data_query.h */,
			);
			path = db;
			sourceTree = "<group>";
		};
		201C4C171DFEEF51007FD18A /* event */ = {
			isa = PBXGroup;
			children = (
				201C4C181DFEEF51007FD18A /* command.h */,
				201C4C191DFEEF51007FD18A /* comqueue.h */,
				201C4C1A1DFEEF51007FD18A /* event.h */,
				201C4C1B1DFEEF51007FD18A /* EventBase.cpp */,
				201C4C1C1DFEEF51007FD18A /* EventBase.h */,
			);
			path = event;
			sourceTree = "<group>";
		};
		201C4C1F1DFEEF51007FD18A /* log */ = {
			isa = PBXGroup;
			children = (
				201C4C201DFEEF51007FD18A /* log.cpp */,
				201C4C211DFEEF51007FD18A /* log.h */,
			);
			path = log;
			sourceTree = "<group>";
		};
		201C4C221DFEEF51007FD18A /* md5 */ = {
			isa = PBXGroup;
			children = (
				201C4C231DFEEF51007FD18A /* md5.cpp */,
				201C4C241DFEEF51007FD18A /* md5.h */,
			);
			path = md5;
			sourceTree = "<group>";
		};
		201C4C251DFEEF51007FD18A /* net */ = {
			isa = PBXGroup;
			children = (
				201C4C261DFEEF51007FD18A /* NetNode.cpp */,
				201C4C271DFEEF51007FD18A /* NetNode.h */,
				201C4C281DFEEF51007FD18A /* NetServer.cpp */,
				201C4C291DFEEF51007FD18A /* NetServer.h */,
				201C4C2A1DFEEF51007FD18A /* NetSocket.cpp */,
				201C4C2B1DFEEF51007FD18A /* NetSocket.h */,
				201C4C2C1DFEEF51007FD18A /* network.cpp */,
				201C4C2D1DFEEF51007FD18A /* network.h */,
				201C4C2E1DFEEF51007FD18A /* SocketEvent.cpp */,
				201C4C2F1DFEEF51007FD18A /* SocketEvent.h */,
			);
			path = net;
			sourceTree = "<group>";
		};
		201C4C321DFEEF51007FD18A /* thread */ = {
			isa = PBXGroup;
			children = (
				201C4C331DFEEF51007FD18A /* lock.cpp */,
				201C4C341DFEEF51007FD18A /* lock.h */,
				201C4C351DFEEF51007FD18A /* thread.cpp */,
				201C4C361DFEEF51007FD18A /* thread.h */,
			);
			path = thread;
			sourceTree = "<group>";
		};
		201C4C371DFEEF51007FD18A /* timer */ = {
			isa = PBXGroup;
			children = (
				201C4C381DFEEF51007FD18A /* KeepManager.cpp */,
				201C4C391DFEEF51007FD18A /* KeepManager.h */,
				201C4C3A1DFEEF51007FD18A /* ticker.cpp */,
				201C4C3B1DFEEF51007FD18A /* ticker.h */,
				201C4C3C1DFEEF51007FD18A /* TimeObserver.cpp */,
				201C4C3D1DFEEF51007FD18A /* TimeObserver.h */,
			);
			path = timer;
			sourceTree = "<group>";
		};
		201C4C3E1DFEEF51007FD18A /* util */ = {
			isa = PBXGroup;
			children = (
				201C4C3F1DFEEF51007FD18A /* array.h */,
				201C4C401DFEEF51007FD18A /* hashlist.h */,
				201C4C411DFEEF51007FD18A /* hashmap.h */,
				201C4C421DFEEF51007FD18A /* math_util.cpp */,
				201C4C431DFEEF51007FD18A /* math_util.h */,
				201C4C441DFEEF51007FD18A /* memorys.cpp */,
				201C4C451DFEEF51007FD18A /* memorys.h */,
				201C4C461DFEEF51007FD18A /* string_util.cpp */,
				201C4C471DFEEF51007FD18A /* string_util.h */,
				201C4C481DFEEF51007FD18A /* time_util.cpp */,
				201C4C491DFEEF51007FD18A /* time_util.h */,
			);
			path = util;
			sourceTree = "<group>";
		};
		202052EB1DFE400400CBB029 /* db */ = {
			isa = PBXGroup;
			children = (
				2070BB331DDAF57F0017D59C /* DBServer.cpp */,
				2070BB341DDAF57F0017D59C /* DBServer.h */,
			);
			name = db;
			sourceTree = "<group>";
		};
		2078BD731DF99ADF00F8825B /* obj */ = {
			isa = PBXGroup;
			children = (
				2078BD701DF99AD800F8825B /* UserObj.cpp */,
				2078BD711DF99AD800F8825B /* UserObj.h */,
			);
			name = obj;
			sourceTree = "<group>";
		};
		208D8D631DD30008000D45C6 = {
			isa = PBXGroup;
			children = (
				208D8D6E1DD30008000D45C6 /* ubserver */,
				208D8D6D1DD30008000D45C6 /* Products */,
			);
			sourceTree = "<group>";
		};
		208D8D6D1DD30008000D45C6 /* Products */ = {
			isa = PBXGroup;
			children = (
				208D8D6C1DD30008000D45C6 /* ubserver */,
			);
			name = Products;
			sourceTree = "<group>";
		};
		208D8D6E1DD30008000D45C6 /* ubserver */ = {
			isa = PBXGroup;
			children = (
				201C4C081DFEEF51007FD18A /* com */,
				202052EB1DFE400400CBB029 /* db */,
				2078BD731DF99ADF00F8825B /* obj */,
				20AB02351DDD839300102A07 /* base */,
				20AB02341DDD838500102A07 /* world */,
				20B315491DD6B5A50087924A /* game */,
				208D8D6F1DD30008000D45C6 /* main.cpp */,
			);
			path = ubserver;
			sourceTree = "<group>";
		};
		20AB02341DDD838500102A07 /* world */ = {
			isa = PBXGroup;
			children = (
				2070BB361DDAFE5F0017D59C /* PlayerManager.cpp */,
				2070BB371DDAFE5F0017D59C /* PlayerManager.h */,
				2070BB3C1DDB13DD0017D59C /* Player.cpp */,
				2070BB3D1DDB13DD0017D59C /* Player.h */,
				20B3156B1DD953EF0087924A /* WorldMsg.cpp */,
				20B3156C1DD953EF0087924A /* WorldMsg.h */,
			);
			name = world;
			sourceTree = "<group>";
		};
		20AB02351DDD839300102A07 /* base */ = {
			isa = PBXGroup;
			children = (
				20B3157D1DD95CC10087924A /* CmdDefined.h */,
				202052EC1DFE44E500CBB029 /* GameUser.cpp */,
				202052ED1DFE44E500CBB029 /* GameUser.h */,
				202052EF1DFE462500CBB029 /* SerHandler.cpp */,
				202052F01DFE462500CBB029 /* SerHandler.h */,
			);
			name = base;
			sourceTree = "<group>";
		};
		20B315491DD6B5A50087924A /* game */ = {
			isa = PBXGroup;
			children = (
				20B315921DD996B30087924A /* GameLogic.cpp */,
				20B315931DD996B30087924A /* GameLogic.h */,
				20B315941DD996B30087924A /* GameManager.cpp */,
				20B315951DD996B30087924A /* GameManager.h */,
				20B315991DD9B51A0087924A /* GamePlayer.cpp */,
				20B3159A1DD9B51A0087924A /* GamePlayer.h */,
				20AB02361DDD846900102A07 /* GameSeat.cpp */,
				20AB02371DDD846900102A07 /* GameSeat.h */,
				204312E51DDE067300A18C0A /* GamePuzzle.cpp */,
				204312E61DDE067300A18C0A /* GamePuzzle.h */,
			);
			name = game;
			sourceTree = "<group>";
		};
/* End PBXGroup section */

/* Begin PBXNativeTarget section */
		208D8D6B1DD30008000D45C6 /* ubserver */ = {
			isa = PBXNativeTarget;
			buildConfigurationList = 208D8D731DD30008000D45C6 /* Build configuration list for PBXNativeTarget "ubserver" */;
			buildPhases = (
				208D8D681DD30008000D45C6 /* Sources */,
				208D8D691DD30008000D45C6 /* Frameworks */,
				208D8D6A1DD30008000D45C6 /* CopyFiles */,
			);
			buildRules = (
			);
			dependencies = (
			);
			name = ubserver;
			productName = ubserver;
			productReference = 208D8D6C1DD30008000D45C6 /* ubserver */;
			productType = "com.apple.product-type.tool";
		};
/* End PBXNativeTarget section */

/* Begin PBXProject section */
		208D8D641DD30008000D45C6 /* Project object */ = {
			isa = PBXProject;
			attributes = {
				LastUpgradeCheck = 0720;
				ORGANIZATIONNAME = MikeRiy;
				TargetAttributes = {
					208D8D6B1DD30008000D45C6 = {
						CreatedOnToolsVersion = 7.2;
					};
				};
			};
			buildConfigurationList = 208D8D671DD30008000D45C6 /* Build configuration list for PBXProject "ubserver" */;
			compatibilityVersion = "Xcode 3.2";
			developmentRegion = English;
			hasScannedForEncodings = 0;
			knownRegions = (
				en,
			);
			mainGroup = 208D8D631DD30008000D45C6;
			productRefGroup = 208D8D6D1DD30008000D45C6 /* Products */;
			projectDirPath = "";
			projectRoot = "";
			targets = (
				208D8D6B1DD30008000D45C6 /* ubserver */,
			);
		};
/* End PBXProject section */

/* Begin PBXSourcesBuildPhase section */
		208D8D681DD30008000D45C6 /* Sources */ = {
			isa = PBXSourcesBuildPhase;
			buildActionMask = 2147483647;
			files = (
				201C4C5A1DFEEF51007FD18A /* TimeObserver.cpp in Sources */,
				201C4C4E1DFEEF51007FD18A /* log.cpp in Sources */,
				201C4C4B1DFEEF51007FD18A /* data_bank.cpp in Sources */,
				201C4C5D1DFEEF51007FD18A /* string_util.cpp in Sources */,
				202052F11DFE462500CBB029 /* SerHandler.cpp in Sources */,
				20B3159B1DD9B51A0087924A /* GamePlayer.cpp in Sources */,
				2070BB381DDAFE5F0017D59C /* PlayerManager.cpp in Sources */,
				20B315981DD996B30087924A /* GameManager.cpp in Sources */,
				201C4C531DFEEF51007FD18A /* network.cpp in Sources */,
				201C4C5C1DFEEF51007FD18A /* memorys.cpp in Sources */,
				201C4C5E1DFEEF51007FD18A /* time_util.cpp in Sources */,
				2070BB3E1DDB13DD0017D59C /* Player.cpp in Sources */,
				20B3156D1DD953EF0087924A /* WorldMsg.cpp in Sources */,
				204312E71DDE067300A18C0A /* GamePuzzle.cpp in Sources */,
				201C4C571DFEEF51007FD18A /* thread.cpp in Sources */,
				208D8D701DD30008000D45C6 /* main.cpp in Sources */,
				201C4C541DFEEF51007FD18A /* SocketEvent.cpp in Sources */,
				201C4C551DFEEF51007FD18A /* runtime.cpp in Sources */,
				201C4C511DFEEF51007FD18A /* NetServer.cpp in Sources */,
				202052EE1DFE44E500CBB029 /* GameUser.cpp in Sources */,
				20AB02381DDD846900102A07 /* GameSeat.cpp in Sources */,
				201C4C591DFEEF51007FD18A /* ticker.cpp in Sources */,
				2070BB351DDAF57F0017D59C /* DBServer.cpp in Sources */,
				201C4C501DFEEF51007FD18A /* NetNode.cpp in Sources */,
				201C4C561DFEEF51007FD18A /* lock.cpp in Sources */,
				201C4C5B1DFEEF51007FD18A /* math_util.cpp in Sources */,
				201C4C581DFEEF51007FD18A /* KeepManager.cpp in Sources */,
				201C4C4F1DFEEF51007FD18A /* md5.cpp in Sources */,
				201C4C521DFEEF51007FD18A /* NetSocket.cpp in Sources */,
				2078BD721DF99AD800F8825B /* UserObj.cpp in Sources */,
				201C4C4A1DFEEF51007FD18A /* coupler.cpp in Sources */,
				201C4C4C1DFEEF51007FD18A /* data_query.cpp in Sources */,
				20B315971DD996B30087924A /* GameLogic.cpp in Sources */,
				201C4C4D1DFEEF51007FD18A /* EventBase.cpp in Sources */,
			);
			runOnlyForDeploymentPostprocessing = 0;
		};
/* End PBXSourcesBuildPhase section */

/* Begin XCBuildConfiguration section */
		208D8D711DD30008000D45C6 /* Debug */ = {
			isa = XCBuildConfiguration;
			buildSettings = {
				ALWAYS_SEARCH_USER_PATHS = NO;
				CLANG_CXX_LANGUAGE_STANDARD = "gnu++0x";
				CLANG_CXX_LIBRARY = "libc++";
				CLANG_ENABLE_MODULES = YES;
				CLANG_ENABLE_OBJC_ARC = YES;
				CLANG_WARN_BOOL_CONVERSION = YES;
				CLANG_WARN_CONSTANT_CONVERSION = YES;
				CLANG_WARN_DIRECT_OBJC_ISA_USAGE = YES_ERROR;
				CLANG_WARN_EMPTY_BODY = YES;
				CLANG_WARN_ENUM_CONVERSION = YES;
				CLANG_WARN_INT_CONVERSION = YES;
				CLANG_WARN_OBJC_ROOT_CLASS = YES_ERROR;
				CLANG_WARN_UNREACHABLE_CODE = YES;
				CLANG_WARN__DUPLICATE_METHOD_MATCH = YES;
				CODE_SIGN_IDENTITY = "-";
				COPY_PHASE_STRIP = NO;
				DEBUG_INFORMATION_FORMAT = dwarf;
				ENABLE_STRICT_OBJC_MSGSEND = YES;
				ENABLE_TESTABILITY = YES;
				GCC_C_LANGUAGE_STANDARD = gnu99;
				GCC_DYNAMIC_NO_PIC = NO;
				GCC_NO_COMMON_BLOCKS = YES;
				GCC_OPTIMIZATION_LEVEL = 0;
				GCC_PREPROCESSOR_DEFINITIONS = (
					"DEBUG=1",
					"$(inherited)",
				);
				GCC_WARN_64_TO_32_BIT_CONVERSION = YES;
				GCC_WARN_ABOUT_RETURN_TYPE = YES_ERROR;
				GCC_WARN_UNDECLARED_SELECTOR = YES;
				GCC_WARN_UNINITIALIZED_AUTOS = YES_AGGRESSIVE;
				GCC_WARN_UNUSED_FUNCTION = YES;
				GCC_WARN_UNUSED_VARIABLE = YES;
				MACOSX_DEPLOYMENT_TARGET = 10.10;
				MTL_ENABLE_DEBUG_INFO = YES;
				ONLY_ACTIVE_ARCH = YES;
				SDKROOT = macosx;
			};
			name = Debug;
		};
		208D8D721DD30008000D45C6 /* Release */ = {
			isa = XCBuildConfiguration;
			buildSettings = {
				ALWAYS_SEARCH_USER_PATHS = NO;
				CLANG_CXX_LANGUAGE_STANDARD = "gnu++0x";
				CLANG_CXX_LIBRARY = "libc++";
				CLANG_ENABLE_MODULES = YES;
				CLANG_ENABLE_OBJC_ARC = YES;
				CLANG_WARN_BOOL_CONVERSION = YES;
				CLANG_WARN_CONSTANT_CONVERSION = YES;
				CLANG_WARN_DIRECT_OBJC_ISA_USAGE = YES_ERROR;
				CLANG_WARN_EMPTY_BODY = YES;
				CLANG_WARN_ENUM_CONVERSION = YES;
				CLANG_WARN_INT_CONVERSION = YES;
				CLANG_WARN_OBJC_ROOT_CLASS = YES_ERROR;
				CLANG_WARN_UNREACHABLE_CODE = YES;
				CLANG_WARN__DUPLICATE_METHOD_MATCH = YES;
				CODE_SIGN_IDENTITY = "-";
				COPY_PHASE_STRIP = NO;
				DEBUG_INFORMATION_FORMAT = "dwarf-with-dsym";
				ENABLE_NS_ASSERTIONS = NO;
				ENABLE_STRICT_OBJC_MSGSEND = YES;
				GCC_C_LANGUAGE_STANDARD = gnu99;
				GCC_NO_COMMON_BLOCKS = YES;
				GCC_WARN_64_TO_32_BIT_CONVERSION = YES;
				GCC_WARN_ABOUT_RETURN_TYPE = YES_ERROR;
				GCC_WARN_UNDECLARED_SELECTOR = YES;
				GCC_WARN_UNINITIALIZED_AUTOS = YES_AGGRESSIVE;
				GCC_WARN_UNUSED_FUNCTION = YES;
				GCC_WARN_UNUSED_VARIABLE = YES;
				MACOSX_DEPLOYMENT_TARGET = 10.10;
				MTL_ENABLE_DEBUG_INFO = NO;
				SDKROOT = macosx;
			};
			name = Release;
		};
		208D8D741DD30008000D45C6 /* Debug */ = {
			isa = XCBuildConfiguration;
			buildSettings = {
				HEADER_SEARCH_PATHS = /usr/local/mysql/include;
				LIBRARY_SEARCH_PATHS = /usr/local/mysql/lib;
				OTHER_LDFLAGS = "-lmysqlclient";
				PRODUCT_NAME = "$(TARGET_NAME)";
			};
			name = Debug;
		};
		208D8D751DD30008000D45C6 /* Release */ = {
			isa = XCBuildConfiguration;
			buildSettings = {
				HEADER_SEARCH_PATHS = /usr/local/mysql/include;
				LIBRARY_SEARCH_PATHS = /usr/local/mysql/lib;
				OTHER_LDFLAGS = "-lmysqlclient";
				PRODUCT_NAME = "$(TARGET_NAME)";
			};
			name = Release;
		};
/* End XCBuildConfiguration section */

/* Begin XCConfigurationList section */
		208D8D671DD30008000D45C6 /* Build configuration list for PBXProject "ubserver" */ = {
			isa = XCConfigurationList;
			buildConfigurations = (
				208D8D711DD30008000D45C6 /* Debug */,
				208D8D721DD30008000D45C6 /* Release */,
			);
			defaultConfigurationIsVisible = 0;
			defaultConfigurationName = Release;
		};
		208D8D731DD30008000D45C6 /* Build configuration list for PBXNativeTarget "ubserver" */ = {
			isa = XCConfigurationList;
			buildConfigurations = (
				208D8D741DD30008000D45C6 /* Debug */,
				208D8D751DD30008000D45C6 /* Release */,
			);
			defaultConfigurationIsVisible = 0;
			defaultConfigurationName = Release;
		};
/* End XCConfigurationList section */
	};
	rootObject = 208D8D641DD30008000D45C6 /* Project object */;
}
